Microsoft Visual Studio Solution File, Format Version 12.00
# Visual Studio Version 17
VisualStudioVersion = 17.5.2.0
MinimumVisualStudioVersion = 10.0.40219.1
Project("{FAE04EC0-301F-11D3-BF4B-00C04F79EFBC}") = "SlotMachineBackend", "SlotMachineBackend\SlotMachineBackend.csproj", "{67483D7E-BB2B-F21E-FC92-3DA57EBDC51B}"
EndProject
Global
	GlobalSection(SolutionConfigurationPlatforms) = preSolution
		Debug|Any CPU = Debug|Any CPU
		Release|Any CPU = Release|Any CPU
	EndGlobalSection
	GlobalSection(ProjectConfigurationPlatforms) = postSolution
		{67483D7E-BB2B-F21E-FC92-3DA57EBDC51B}.Debug|Any CPU.ActiveCfg = Debug|Any CPU
		{67483D7E-BB2B-F21E-FC92-3DA57EBDC51B}.Debug|Any CPU.Build.0 = Debug|Any CPU
		{67483D7E-BB2B-F21E-FC92-3DA57EBDC51B}.Release|Any CPU.ActiveCfg = Release|Any CPU
		{67483D7E-BB2B-F21E-FC92-3DA57EBDC51B}.Release|Any CPU.Build.0 = Release|Any CPU
	EndGlobalSection
	GlobalSection(SolutionProperties) = preSolution
		HideSolutionNode = FALSE
	EndGlobalSection
	GlobalSection(ExtensibilityGlobals) = postSolution
		SolutionGuid = {EF837742-9447-4CF4-89DE-CB838619088C}
	EndGlobalSection
EndGlobal
